<Solution>
  <Folder Name="/Solution Items/">
    <File Path=".editorconfig" />
    <File Path=".gitattributes" />
    <File Path=".gitignore" />
    <File Path="AGENTS.md" />
    <File Path="CHANGELOG.md" />
    <File Path="README.md" />
    <File Path="STATUS.md" />
    <File Path="TODO.md" />
    <File Path="release/README.txt" />
  </Folder>
  <Project Path="SheetNavigator/SheetNavigator.csproj" Id="69225fe2-fa56-4e43-90e3-e56328aa4674" />
</Solution>
